
Microsoft Visual Studio Solution File, Format Version 12.00
# Visual Studio Version 17
VisualStudioVersion = 17.5.002.0
MinimumVisualStudioVersion = 10.0.40219.1
Project("{9A19103F-16F7-4668-BE54-9A1E7A4F7556}") = "program001-vypis-rady", "program001-vypis-rady.csproj", "{F35D1489-19DA-4538-96B1-96971155D16C}"
EndProject
Global
	GlobalSection(SolutionConfigurationPlatforms) = preSolution
		Debug|Any CPU = Debug|Any CPU
		Release|Any CPU = Release|Any CPU
	EndGlobalSection
	GlobalSection(ProjectConfigurationPlatforms) = postSolution
		{F35D1489-19DA-4538-96B1-96971155D16C}.Debug|Any CPU.ActiveCfg = Debug|Any CPU
		{F35D1489-19DA-4538-96B1-96971155D16C}.Debug|Any CPU.Build.0 = Debug|Any CPU
		{F35D1489-19DA-4538-96B1-96971155D16C}.Release|Any CPU.ActiveCfg = Release|Any CPU
		{F35D1489-19DA-4538-96B1-96971155D16C}.Release|Any CPU.Build.0 = Release|Any CPU
	EndGlobalSection
	GlobalSection(SolutionProperties) = preSolution
		HideSolutionNode = FALSE
	EndGlobalSection
	GlobalSection(ExtensibilityGlobals) = postSolution
		SolutionGuid = {FCA4D40C-648A-47EB-A88F-C280864B9CAD}
	EndGlobalSection
EndGlobal
